
Microsoft Visual Studio Solution File, Format Version 12.00
# Visual Studio Version 17
VisualStudioVersion = 17.6.33723.286
MinimumVisualStudioVersion = 10.0.40219.1
Project("{FAE04EC0-301F-11D3-BF4B-00C04F79EFBC}") = "OLATwoBDDTest", "OLATwoBDDTest.csproj", "{242996B6-2938-4628-AAA6-C5C31C613E5D}"
EndProject
Project("{9A19103F-16F7-4668-BE54-9A1E7A4F7556}") = "SpecFlowReverseString", "..\SpecFlowReverseString\SpecFlowReverseString.csproj", "{90BD4E0B-3D44-4862-800C-E86F459D0899}"
EndProject
Project("{FAE04EC0-301F-11D3-BF4B-00C04F79EFBC}") = "BowlingGameTests", "..\BowlingGameTests\BowlingGameTests.csproj", "{33B856A0-2295-48EF-835E-E1BB3D4F99EA}"
EndProject
Global
	GlobalSection(SolutionConfigurationPlatforms) = preSolution
		Debug|Any CPU = Debug|Any CPU
		Release|Any CPU = Release|Any CPU
	EndGlobalSection
	GlobalSection(ProjectConfigurationPlatforms) = postSolution
		{242996B6-2938-4628-AAA6-C5C31C613E5D}.Debug|Any CPU.ActiveCfg = Debug|Any CPU
		{242996B6-2938-4628-AAA6-C5C31C613E5D}.Debug|Any CPU.Build.0 = Debug|Any CPU
		{242996B6-2938-4628-AAA6-C5C31C613E5D}.Release|Any CPU.ActiveCfg = Release|Any CPU
		{242996B6-2938-4628-AAA6-C5C31C613E5D}.Release|Any CPU.Build.0 = Release|Any CPU
		{90BD4E0B-3D44-4862-800C-E86F459D0899}.Debug|Any CPU.ActiveCfg = Debug|Any CPU
		{90BD4E0B-3D44-4862-800C-E86F459D0899}.Debug|Any CPU.Build.0 = Debug|Any CPU
		{90BD4E0B-3D44-4862-800C-E86F459D0899}.Release|Any CPU.ActiveCfg = Release|Any CPU
		{90BD4E0B-3D44-4862-800C-E86F459D0899}.Release|Any CPU.Build.0 = Release|Any CPU
		{33B856A0-2295-48EF-835E-E1BB3D4F99EA}.Debug|Any CPU.ActiveCfg = Debug|Any CPU
		{33B856A0-2295-48EF-835E-E1BB3D4F99EA}.Debug|Any CPU.Build.0 = Debug|Any CPU
		{33B856A0-2295-48EF-835E-E1BB3D4F99EA}.Release|Any CPU.ActiveCfg = Release|Any CPU
		{33B856A0-2295-48EF-835E-E1BB3D4F99EA}.Release|Any CPU.Build.0 = Release|Any CPU
	EndGlobalSection
	GlobalSection(SolutionProperties) = preSolution
		HideSolutionNode = FALSE
	EndGlobalSection
	GlobalSection(ExtensibilityGlobals) = postSolution
		SolutionGuid = {4C3C6250-37A4-4D8C-9B23-EBBE51B289D4}
	EndGlobalSection
EndGlobal
